
Microsoft Visual Studio Solution File, Format Version 12.00
# Visual Studio Version 17
VisualStudioVersion = 17.7.33927.210
MinimumVisualStudioVersion = 10.0.40219.1
Project("{FAE04EC0-301F-11D3-BF4B-00C04F79EFBC}") = "DesktopDeclutterer", "DesktopDeclutterer\DesktopDeclutterer.csproj", "{52F0E555-1AC7-4689-AD30-FA499FC6B5F0}"
EndProject
Global
	GlobalSection(SolutionConfigurationPlatforms) = preSolution
		Debug|Any CPU = Debug|Any CPU
		Release|Any CPU = Release|Any CPU
	EndGlobalSection
	GlobalSection(ProjectConfigurationPlatforms) = postSolution
		{52F0E555-1AC7-4689-AD30-FA499FC6B5F0}.Debug|Any CPU.ActiveCfg = Debug|Any CPU
		{52F0E555-1AC7-4689-AD30-FA499FC6B5F0}.Debug|Any CPU.Build.0 = Debug|Any CPU
		{52F0E555-1AC7-4689-AD30-FA499FC6B5F0}.Release|Any CPU.ActiveCfg = Release|Any CPU
		{52F0E555-1AC7-4689-AD30-FA499FC6B5F0}.Release|Any CPU.Build.0 = Release|Any CPU
	EndGlobalSection
	GlobalSection(SolutionProperties) = preSolution
		HideSolutionNode = FALSE
	EndGlobalSection
	GlobalSection(ExtensibilityGlobals) = postSolution
		SolutionGuid = {D9701075-F7F5-4472-9B3E-C704E55CD8DF}
	EndGlobalSection
EndGlobal
